// !$*UTF8*$!
{
	archiveVersion = 1;
	classes = {
	};
	objectVersion = 46;
	objects = {

/* Begin PBXBuildFile section */
		1F5140EF604249E58D0439B8 /* libPods-BeerChooserTests.a in Frameworks */ = {isa = PBXBuildFile; fileRef = D6DB41D4B04F48CFAAFF9669 /* libPods-BeerChooserTests.a */; };
		8207295D196B46E6001C8A03 /* Foundation.framework in Frameworks */ = {isa = PBXBuildFile; fileRef = 8207295C196B46E6001C8A03 /* Foundation.framework */; };
		8207295F196B46E6001C8A03 /* CoreGraphics.framework in Frameworks */ = {isa = PBXBuildFile; fileRef = 8207295E196B46E6001C8A03 /* CoreGraphics.framework */; };
		82072961196B46E6001C8A03 /* UIKit.framework in Frameworks */ = {isa = PBXBuildFile; fileRef = 82072960196B46E6001C8A03 /* UIKit.framework */; };
		82072967196B46E6001C8A03 /* InfoPlist.strings in Resources */ = {isa = PBXBuildFile; fileRef = 82072965196B46E6001C8A03 /* InfoPlist.strings */; };
		82072969196B46E6001C8A03 /* main.m in Sources */ = {isa = PBXBuildFile; fileRef = 82072968196B46E6001C8A03 /* main.m */; };
		8207296D196B46E6001C8A03 /* AppDelegate.m in Sources */ = {isa = PBXBuildFile; fileRef = 8207296C196B46E6001C8A03 /* AppDelegate.m */; };
		82072970196B46E6001C8A03 /* Main_iPhone.storyboard in Resources */ = {isa = PBXBuildFile; fileRef = 8207296E196B46E6001C8A03 /* Main_iPhone.storyboard */; };
		82072973196B46E6001C8A03 /* Main_iPad.storyboard in Resources */ = {isa = PBXBuildFile; fileRef = 82072971196B46E6001C8A03 /* Main_iPad.storyboard */; };
		82072976196B46E6001C8A03 /* FirstViewController.m in Sources */ = {isa = PBXBuildFile; fileRef = 82072975196B46E6001C8A03 /* FirstViewController.m */; };
		82072979196B46E6001C8A03 /* SecondViewController.m in Sources */ = {isa = PBXBuildFile; fileRef = 82072978196B46E6001C8A03 /* SecondViewController.m */; };
		8207297B196B46E6001C8A03 /* Images.xcassets in Resources */ = {isa = PBXBuildFile; fileRef = 8207297A196B46E6001C8A03 /* Images.xcassets */; };
		82072982196B46E6001C8A03 /* XCTest.framework in Frameworks */ = {isa = PBXBuildFile; fileRef = 82072981196B46E6001C8A03 /* XCTest.framework */; };
		82072983196B46E6001C8A03 /* Foundation.framework in Frameworks */ = {isa = PBXBuildFile; fileRef = 8207295C196B46E6001C8A03 /* Foundation.framework */; };
		82072984196B46E6001C8A03 /* UIKit.framework in Frameworks */ = {isa = PBXBuildFile; fileRef = 82072960196B46E6001C8A03 /* UIKit.framework */; };
		8207298C196B46E6001C8A03 /* InfoPlist.strings in Resources */ = {isa = PBXBuildFile; fileRef = 8207298A196B46E6001C8A03 /* InfoPlist.strings */; };
		8207298E196B46E6001C8A03 /* BeerChooserTests.m in Sources */ = {isa = PBXBuildFile; fileRef = 8207298D196B46E6001C8A03 /* BeerChooserTests.m */; };
		82283720196F55B000BF03C6 /* BrowseWireframe.m in Sources */ = {isa = PBXBuildFile; fileRef = 8228371F196F55B000BF03C6 /* BrowseWireframe.m */; };
		82764DA4196EF603004D26E7 /* Configuration.m in Sources */ = {isa = PBXBuildFile; fileRef = 82764DA1196EF603004D26E7 /* Configuration.m */; };
		82764DB0196F1954004D26E7 /* Configuration.example.plist in Resources */ = {isa = PBXBuildFile; fileRef = 82764DAE196F1954004D26E7 /* Configuration.example.plist */; };
		82764DB1196F1954004D26E7 /* Configuration.plist in Resources */ = {isa = PBXBuildFile; fileRef = 82764DAF196F1954004D26E7 /* Configuration.plist */; };
		82764DB6196F1A29004D26E7 /* BeerChooser.xcdatamodeld in Sources */ = {isa = PBXBuildFile; fileRef = 82764DB4196F1A29004D26E7 /* BeerChooser.xcdatamodeld */; };
		82764DBD196F1D11004D26E7 /* CoreDataStore.m in Sources */ = {isa = PBXBuildFile; fileRef = 82764DBC196F1D11004D26E7 /* CoreDataStore.m */; };
		82764DC1196F1F6F004D26E7 /* Beer.m in Sources */ = {isa = PBXBuildFile; fileRef = 82764DC0196F1F6F004D26E7 /* Beer.m */; };
		82764DC5196F2158004D26E7 /* RootWireframe.m in Sources */ = {isa = PBXBuildFile; fileRef = 82764DC4196F2158004D26E7 /* RootWireframe.m */; };
		82764DC8196F2203004D26E7 /* AppDependencies.m in Sources */ = {isa = PBXBuildFile; fileRef = 82764DC7196F2203004D26E7 /* AppDependencies.m */; };
		82764DCE196F23EA004D26E7 /* NSArray+POBJ.m in Sources */ = {isa = PBXBuildFile; fileRef = 82764DCD196F23EA004D26E7 /* NSArray+POBJ.m */; };
		82764DD4196F24C3004D26E7 /* BrowseDataManager.m in Sources */ = {isa = PBXBuildFile; fileRef = 82764DD3196F24C3004D26E7 /* BrowseDataManager.m */; };
		82764DDB196F2785004D26E7 /* BrowseInteractor.m in Sources */ = {isa = PBXBuildFile; fileRef = 82764DDA196F2785004D26E7 /* BrowseInteractor.m */; };
		82764DE5196F2AD0004D26E7 /* BrowsePresenter.m in Sources */ = {isa = PBXBuildFile; fileRef = 82764DE4196F2AD0004D26E7 /* BrowsePresenter.m */; };
		82764DE8196F2C38004D26E7 /* BrowseBeersDisplayDataCollector.m in Sources */ = {isa = PBXBuildFile; fileRef = 82764DE7196F2C38004D26E7 /* BrowseBeersDisplayDataCollector.m */; };
		82764DEB196F2EA7004D26E7 /* BrowseBeersDisplayData.m in Sources */ = {isa = PBXBuildFile; fileRef = 82764DEA196F2EA7004D26E7 /* BrowseBeersDisplayData.m */; };
		82764DEE196F2F59004D26E7 /* BrowseBeersDisplaySection.m in Sources */ = {isa = PBXBuildFile; fileRef = 82764DED196F2F59004D26E7 /* BrowseBeersDisplaySection.m */; };
		82764DF1196F2FDA004D26E7 /* BrowseBeersDisplayItem.m in Sources */ = {isa = PBXBuildFile; fileRef = 82764DF0196F2FDA004D26E7 /* BrowseBeersDisplayItem.m */; };
		82764DF4196F324F004D26E7 /* BrowseViewController.m in Sources */ = {isa = PBXBuildFile; fileRef = 82764DF3196F324F004D26E7 /* BrowseViewController.m */; };
		82764DF8196F37E2004D26E7 /* BrowseBeer.m in Sources */ = {isa = PBXBuildFile; fileRef = 82764DF7196F37E2004D26E7 /* BrowseBeer.m */; };
		82863C7B1976CF54005E80B3 /* PageTypes.m in Sources */ = {isa = PBXBuildFile; fileRef = 82863C7A1976CF54005E80B3 /* PageTypes.m */; };
		82863C7E1976D064005E80B3 /* PageType.m in Sources */ = {isa = PBXBuildFile; fileRef = 82863C7D1976D064005E80B3 /* PageType.m */; };
		82863C8D1976E51D005E80B3 /* ManagedBeer.m in Sources */ = {isa = PBXBuildFile; fileRef = 82863C8C1976E51D005E80B3 /* ManagedBeer.m */; };
		82BCCB43196B4E4400C6DE22 /* README.md in Sources */ = {isa = PBXBuildFile; fileRef = 82BCCB42196B4E4400C6DE22 /* README.md */; };
		82BCCB45196B511C00C6DE22 /* .travis.yml in Resources */ = {isa = PBXBuildFile; fileRef = 82BCCB44196B511C00C6DE22 /* .travis.yml */; };
		82BCCB46196B511C00C6DE22 /* .travis.yml in Resources */ = {isa = PBXBuildFile; fileRef = 82BCCB44196B511C00C6DE22 /* .travis.yml */; };
		82C1A56219742D4500A964B4 /* BeerChooserAPINetwork.m in Sources */ = {isa = PBXBuildFile; fileRef = 82C1A56119742D4500A964B4 /* BeerChooserAPINetwork.m */; };
		82C1A5651974597700A964B4 /* BeerChooserAPIDataManager.m in Sources */ = {isa = PBXBuildFile; fileRef = 82C1A5641974597700A964B4 /* BeerChooserAPIDataManager.m */; };
		82C1A56E19747AB000A964B4 /* RatingView.m in Sources */ = {isa = PBXBuildFile; fileRef = 82C1A56D19747AB000A964B4 /* RatingView.m */; settings = {COMPILER_FLAGS = "-fno-objc-arc"; }; };
		82C1A57819747D9200A964B4 /* BeerRatingView.m in Sources */ = {isa = PBXBuildFile; fileRef = 82C1A57719747D9200A964B4 /* BeerRatingView.m */; };
		82C1A5831974864B00A964B4 /* BeerTableViewCell.m in Sources */ = {isa = PBXBuildFile; fileRef = 82C1A5811974864B00A964B4 /* BeerTableViewCell.m */; };
		82C1A5841974864B00A964B4 /* BeerTableViewCell.xib in Resources */ = {isa = PBXBuildFile; fileRef = 82C1A5821974864B00A964B4 /* BeerTableViewCell.xib */; };
		82C1A59C19748CA300A964B4 /* beer-1qselected.png in Resources */ = {isa = PBXBuildFile; fileRef = 82C1A58E19748CA300A964B4 /* beer-1qselected.png */; };
		82C1A59D19748CA300A964B4 /* beer-1qselected@2x.png in Resources */ = {isa = PBXBuildFile; fileRef = 82C1A58F19748CA300A964B4 /* beer-1qselected@2x.png */; };
		82C1A59E19748CA300A964B4 /* beer-3qselected.png in Resources */ = {isa = PBXBuildFile; fileRef = 82C1A59019748CA300A964B4 /* beer-3qselected.png */; };
		82C1A59F19748CA300A964B4 /* beer-3qselected@2x.png in Resources */ = {isa = PBXBuildFile; fileRef = 82C1A59119748CA300A964B4 /* beer-3qselected@2x.png */; };
		82C1A5A019748CA300A964B4 /* beer-halfselected.png in Resources */ = {isa = PBXBuildFile; fileRef = 82C1A59219748CA300A964B4 /* beer-halfselected.png */; };
		82C1A5A119748CA300A964B4 /* beer-halfselected@2x.png in Resources */ = {isa = PBXBuildFile; fileRef = 82C1A59319748CA300A964B4 /* beer-halfselected@2x.png */; };
		82C1A5A219748CA300A964B4 /* beer-highlighted.png in Resources */ = {isa = PBXBuildFile; fileRef = 82C1A59419748CA300A964B4 /* beer-highlighted.png */; };
		82C1A5A319748CA300A964B4 /* beer-highlighted@2x.png in Resources */ = {isa = PBXBuildFile; fileRef = 82C1A59519748CA300A964B4 /* beer-highlighted@2x.png */; };
		82C1A5A419748CA300A964B4 /* beer-hot@2x.png in Resources */ = {isa = PBXBuildFile; fileRef = 82C1A59619748CA300A964B4 /* beer-hot@2x.png */; };
		82C1A5A519748CA300A964B4 /* beer-nonselected.png in Resources */ = {isa = PBXBuildFile; fileRef = 82C1A59719748CA300A964B4 /* beer-nonselected.png */; };
		82C1A5A619748CA300A964B4 /* beer-nonselected@2x.png in Resources */ = {isa = PBXBuildFile; fileRef = 82C1A59819748CA300A964B4 /* beer-nonselected@2x.png */; };
		82C1A5A719748CA300A964B4 /* beer-selected.png in Resources */ = {isa = PBXBuildFile; fileRef = 82C1A59919748CA300A964B4 /* beer-selected.png */; };
		82C1A5A819748CA300A964B4 /* beer-selected@2x.png in Resources */ = {isa = PBXBuildFile; fileRef = 82C1A59A19748CA300A964B4 /* beer-selected@2x.png */; };
		82C1A5A919748CA300A964B4 /* beer-userselected@2x.png in Resources */ = {isa = PBXBuildFile; fileRef = 82C1A59B19748CA300A964B4 /* beer-userselected@2x.png */; };
		82C1A5B319748CB700A964B4 /* small-beer-1qselected.png in Resources */ = {isa = PBXBuildFile; fileRef = 82C1A5AA19748CB700A964B4 /* small-beer-1qselected.png */; };
		82C1A5B419748CB700A964B4 /* small-beer-1qselected@2x.png in Resources */ = {isa = PBXBuildFile; fileRef = 82C1A5AB19748CB700A964B4 /* small-beer-1qselected@2x.png */; };
		82C1A5B519748CB700A964B4 /* small-beer-3qselected.png in Resources */ = {isa = PBXBuildFile; fileRef = 82C1A5AC19748CB700A964B4 /* small-beer-3qselected.png */; };
		82C1A5B619748CB700A964B4 /* small-beer-3qselected@2x.png in Resources */ = {isa = PBXBuildFile; fileRef = 82C1A5AD19748CB700A964B4 /* small-beer-3qselected@2x.png */; };
		82C1A5B719748CB700A964B4 /* small-beer-halfselected.png in Resources */ = {isa = PBXBuildFile; fileRef = 82C1A5AE19748CB700A964B4 /* small-beer-halfselected.png */; };
		82C1A5B819748CB700A964B4 /* small-beer-halfselected@2x.png in Resources */ = {isa = PBXBuildFile; fileRef = 82C1A5AF19748CB700A964B4 /* small-beer-halfselected@2x.png */; };
		82C1A5B919748CB700A964B4 /* small-beer-highlighted.png in Resources */ = {isa = PBXBuildFile; fileRef = 82C1A5B019748CB700A964B4 /* small-beer-highlighted.png */; };
		82C1A5BA19748CB700A964B4 /* small-beer-highlighted@2x.png in Resources */ = {isa = PBXBuildFile; fileRef = 82C1A5B119748CB700A964B4 /* small-beer-highlighted@2x.png */; };
		82C1A5BB19748CB700A964B4 /* small-beer-hot.png in Resources */ = {isa = PBXBuildFile; fileRef = 82C1A5B219748CB700A964B4 /* small-beer-hot.png */; };
		82C1A5BE19748CC900A964B4 /* beer-hot.png in Resources */ = {isa = PBXBuildFile; fileRef = 82C1A5BC19748CC900A964B4 /* beer-hot.png */; };
		82C1A5BF19748CC900A964B4 /* beer-userselected.png in Resources */ = {isa = PBXBuildFile; fileRef = 82C1A5BD19748CC900A964B4 /* beer-userselected.png */; };
		82C1A5C719748CD900A964B4 /* small-beer-hot@2x.png in Resources */ = {isa = PBXBuildFile; fileRef = 82C1A5C019748CD900A964B4 /* small-beer-hot@2x.png */; };
		82C1A5C819748CD900A964B4 /* small-beer-nonselected.png in Resources */ = {isa = PBXBuildFile; fileRef = 82C1A5C119748CD900A964B4 /* small-beer-nonselected.png */; };
		82C1A5C919748CD900A964B4 /* small-beer-nonselected@2x.png in Resources */ = {isa = PBXBuildFile; fileRef = 82C1A5C219748CD900A964B4 /* small-beer-nonselected@2x.png */; };
		82C1A5CA19748CD900A964B4 /* small-beer-selected.png in Resources */ = {isa = PBXBuildFile; fileRef = 82C1A5C319748CD900A964B4 /* small-beer-selected.png */; };
		82C1A5CB19748CD900A964B4 /* small-beer-selected@2x.png in Resources */ = {isa = PBXBuildFile; fileRef = 82C1A5C419748CD900A964B4 /* small-beer-selected@2x.png */; };
		82C1A5CC19748CD900A964B4 /* small-beer-userselected.png in Resources */ = {isa = PBXBuildFile; fileRef = 82C1A5C519748CD900A964B4 /* small-beer-userselected.png */; };
		82C1A5CD19748CD900A964B4 /* small-beer-userselected@2x.png in Resources */ = {isa = PBXBuildFile; fileRef = 82C1A5C619748CD900A964B4 /* small-beer-userselected@2x.png */; };
		82C1A5CF19748CEB00A964B4 /* blankimg.gif in Resources */ = {isa = PBXBuildFile; fileRef = 82C1A5CE19748CEB00A964B4 /* blankimg.gif */; };
		82E9CC861975ADFB00D90598 /* BrowseConfig.m in Sources */ = {isa = PBXBuildFile; fileRef = 82E9CC851975ADFB00D90598 /* BrowseConfig.m */; };
		82E9CC8D1976008D00D90598 /* PageTypes.plist in Resources */ = {isa = PBXBuildFile; fileRef = 82E9CC8C1976008D00D90598 /* PageTypes.plist */; };
		EE356ECBBC83494F85439084 /* libPods-BeerChooser.a in Frameworks */ = {isa = PBXBuildFile; fileRef = 4C5C890E4BA0425B9DD5EB3E /* libPods-BeerChooser.a */; };
/* End PBXBuildFile section */

/* Begin PBXContainerItemProxy section */
		82072985196B46E6001C8A03 /* PBXContainerItemProxy */ = {
			isa = PBXContainerItemProxy;
			containerPortal = 82072951196B46E6001C8A03 /* Project object */;
			proxyType = 1;
			remoteGlobalIDString = 82072958196B46E6001C8A03;
			remoteInfo = BeerChooser;
		};
/* End PBXContainerItemProxy section */

/* Begin PBXFileReference section */
		4C5C890E4BA0425B9DD5EB3E /* libPods-BeerChooser.a */ = {isa = PBXFileReference; explicitFileType = archive.ar; includeInIndex = 0; path = "libPods-BeerChooser.a"; sourceTree = BUILT_PRODUCTS_DIR; };
		82072959196B46E6001C8A03 /* BeerChooser.app */ = {isa = PBXFileReference; explicitFileType = wrapper.application; includeInIndex = 0; path = BeerChooser.app; sourceTree = BUILT_PRODUCTS_DIR; };
		8207295C196B46E6001C8A03 /* Foundation.framework */ = {isa = PBXFileReference; lastKnownFileType = wrapper.framework; name = Foundation.framework; path = System/Library/Frameworks/Foundation.framework; sourceTree = SDKROOT; };
		8207295E196B46E6001C8A03 /* CoreGraphics.framework */ = {isa = PBXFileReference; lastKnownFileType = wrapper.framework; name = CoreGraphics.framework; path = System/Library/Frameworks/CoreGraphics.framework; sourceTree = SDKROOT; };
		82072960196B46E6001C8A03 /* UIKit.framework */ = {isa = PBXFileReference; lastKnownFileType = wrapper.framework; name = UIKit.framework; path = System/Library/Frameworks/UIKit.framework; sourceTree = SDKROOT; };
		82072964196B46E6001C8A03 /* BeerChooser-Info.plist */ = {isa = PBXFileReference; lastKnownFileType = text.plist.xml; path = "BeerChooser-Info.plist"; sourceTree = "<group>"; };
		82072966196B46E6001C8A03 /* en */ = {isa = PBXFileReference; lastKnownFileType = text.plist.strings; name = en; path = en.lproj/InfoPlist.strings; sourceTree = "<group>"; };
		82072968196B46E6001C8A03 /* main.m */ = {isa = PBXFileReference; lastKnownFileType = sourcecode.c.objc; path = main.m; sourceTree = "<group>"; };
		8207296A196B46E6001C8A03 /* BeerChooser-Prefix.pch */ = {isa = PBXFileReference; lastKnownFileType = sourcecode.c.h; path = "BeerChooser-Prefix.pch"; sourceTree = "<group>"; };
		8207296B196B46E6001C8A03 /* AppDelegate.h */ = {isa = PBXFileReference; lastKnownFileType = sourcecode.c.h; path = AppDelegate.h; sourceTree = "<group>"; };
		8207296C196B46E6001C8A03 /* AppDelegate.m */ = {isa = PBXFileReference; lastKnownFileType = sourcecode.c.objc; path = AppDelegate.m; sourceTree = "<group>"; };
		8207296F196B46E6001C8A03 /* Base */ = {isa = PBXFileReference; lastKnownFileType = file.storyboard; name = Base; path = Base.lproj/Main_iPhone.storyboard; sourceTree = "<group>"; };
		82072972196B46E6001C8A03 /* Base */ = {isa = PBXFileReference; lastKnownFileType = file.storyboard; name = Base; path = Base.lproj/Main_iPad.storyboard; sourceTree = "<group>"; };
		82072974196B46E6001C8A03 /* FirstViewController.h */ = {isa = PBXFileReference; lastKnownFileType = sourcecode.c.h; path = FirstViewController.h; sourceTree = "<group>"; };
		82072975196B46E6001C8A03 /* FirstViewController.m */ = {isa = PBXFileReference; lastKnownFileType = sourcecode.c.objc; path = FirstViewController.m; sourceTree = "<group>"; };
		82072977196B46E6001C8A03 /* SecondViewController.h */ = {isa = PBXFileReference; lastKnownFileType = sourcecode.c.h; path = SecondViewController.h; sourceTree = "<group>"; };
		82072978196B46E6001C8A03 /* SecondViewController.m */ = {isa = PBXFileReference; lastKnownFileType = sourcecode.c.objc; path = SecondViewController.m; sourceTree = "<group>"; };
		8207297A196B46E6001C8A03 /* Images.xcassets */ = {isa = PBXFileReference; lastKnownFileType = folder.assetcatalog; path = Images.xcassets; sourceTree = "<group>"; };
		82072980196B46E6001C8A03 /* BeerChooserTests.xctest */ = {isa = PBXFileReference; explicitFileType = wrapper.cfbundle; includeInIndex = 0; path = BeerChooserTests.xctest; sourceTree = BUILT_PRODUCTS_DIR; };
		82072981196B46E6001C8A03 /* XCTest.framework */ = {isa = PBXFileReference; lastKnownFileType = wrapper.framework; name = XCTest.framework; path = Library/Frameworks/XCTest.framework; sourceTree = DEVELOPER_DIR; };
		82072989196B46E6001C8A03 /* BeerChooserTests-Info.plist */ = {isa = PBXFileReference; lastKnownFileType = text.plist.xml; path = "BeerChooserTests-Info.plist"; sourceTree = "<group>"; };
		8207298B196B46E6001C8A03 /* en */ = {isa = PBXFileReference; lastKnownFileType = text.plist.strings; name = en; path = en.lproj/InfoPlist.strings; sourceTree = "<group>"; };
		8207298D196B46E6001C8A03 /* BeerChooserTests.m */ = {isa = PBXFileReference; lastKnownFileType = sourcecode.c.objc; path = BeerChooserTests.m; sourceTree = "<group>"; };
		8228371E196F55B000BF03C6 /* BrowseWireframe.h */ = {isa = PBXFileReference; fileEncoding = 4; lastKnownFileType = sourcecode.c.h; path = BrowseWireframe.h; sourceTree = "<group>"; };
		8228371F196F55B000BF03C6 /* BrowseWireframe.m */ = {isa = PBXFileReference; fileEncoding = 4; lastKnownFileType = sourcecode.c.objc; path = BrowseWireframe.m; sourceTree = "<group>"; };
		82764DA0196EF603004D26E7 /* Configuration.h */ = {isa = PBXFileReference; fileEncoding = 4; lastKnownFileType = sourcecode.c.h; path = Configuration.h; sourceTree = "<group>"; };
		82764DA1196EF603004D26E7 /* Configuration.m */ = {isa = PBXFileReference; fileEncoding = 4; lastKnownFileType = sourcecode.c.objc; path = Configuration.m; sourceTree = "<group>"; };
		82764DAE196F1954004D26E7 /* Configuration.example.plist */ = {isa = PBXFileReference; fileEncoding = 4; lastKnownFileType = text.plist.xml; path = Configuration.example.plist; sourceTree = SOURCE_ROOT; };
		82764DAF196F1954004D26E7 /* Configuration.plist */ = {isa = PBXFileReference; fileEncoding = 4; lastKnownFileType = text.plist.xml; path = Configuration.plist; sourceTree = SOURCE_ROOT; };
		82764DB5196F1A29004D26E7 /* BeerChooser.xcdatamodel */ = {isa = PBXFileReference; lastKnownFileType = wrapper.xcdatamodel; path = BeerChooser.xcdatamodel; sourceTree = "<group>"; };
		82764DBB196F1D11004D26E7 /* CoreDataStore.h */ = {isa = PBXFileReference; fileEncoding = 4; lastKnownFileType = sourcecode.c.h; path = CoreDataStore.h; sourceTree = "<group>"; };
		82764DBC196F1D11004D26E7 /* CoreDataStore.m */ = {isa = PBXFileReference; fileEncoding = 4; lastKnownFileType = sourcecode.c.objc; path = CoreDataStore.m; sourceTree = "<group>"; };
		82764DBF196F1F6F004D26E7 /* Beer.h */ = {isa = PBXFileReference; fileEncoding = 4; lastKnownFileType = sourcecode.c.h; path = Beer.h; sourceTree = "<group>"; };
		82764DC0196F1F6F004D26E7 /* Beer.m */ = {isa = PBXFileReference; fileEncoding = 4; lastKnownFileType = sourcecode.c.objc; path = Beer.m; sourceTree = "<group>"; };
		82764DC3196F2158004D26E7 /* RootWireframe.h */ = {isa = PBXFileReference; fileEncoding = 4; lastKnownFileType = sourcecode.c.h; path = RootWireframe.h; sourceTree = "<group>"; };
		82764DC4196F2158004D26E7 /* RootWireframe.m */ = {isa = PBXFileReference; fileEncoding = 4; lastKnownFileType = sourcecode.c.objc; path = RootWireframe.m; sourceTree = "<group>"; };
		82764DC6196F2203004D26E7 /* AppDependencies.h */ = {isa = PBXFileReference; fileEncoding = 4; lastKnownFileType = sourcecode.c.h; path = AppDependencies.h; sourceTree = "<group>"; };
		82764DC7196F2203004D26E7 /* AppDependencies.m */ = {isa = PBXFileReference; fileEncoding = 4; lastKnownFileType = sourcecode.c.objc; path = AppDependencies.m; sourceTree = "<group>"; };
		82764DCC196F23EA004D26E7 /* NSArray+POBJ.h */ = {isa = PBXFileReference; fileEncoding = 4; lastKnownFileType = sourcecode.c.h; path = "NSArray+POBJ.h"; sourceTree = "<group>"; };
		82764DCD196F23EA004D26E7 /* NSArray+POBJ.m */ = {isa = PBXFileReference; fileEncoding = 4; lastKnownFileType = sourcecode.c.objc; path = "NSArray+POBJ.m"; sourceTree = "<group>"; };
		82764DD2196F24C3004D26E7 /* BrowseDataManager.h */ = {isa = PBXFileReference; fileEncoding = 4; lastKnownFileType = sourcecode.c.h; path = BrowseDataManager.h; sourceTree = "<group>"; };
		82764DD3196F24C3004D26E7 /* BrowseDataManager.m */ = {isa = PBXFileReference; fileEncoding = 4; lastKnownFileType = sourcecode.c.objc; path = BrowseDataManager.m; sourceTree = "<group>"; };
		82764DD8196F2755004D26E7 /* BrowseInteractorIO.h */ = {isa = PBXFileReference; lastKnownFileType = sourcecode.c.h; path = BrowseInteractorIO.h; sourceTree = "<group>"; };
		82764DD9196F2785004D26E7 /* BrowseInteractor.h */ = {isa = PBXFileReference; fileEncoding = 4; lastKnownFileType = sourcecode.c.h; path = BrowseInteractor.h; sourceTree = "<group>"; };
		82764DDA196F2785004D26E7 /* BrowseInteractor.m */ = {isa = PBXFileReference; fileEncoding = 4; lastKnownFileType = sourcecode.c.objc; path = BrowseInteractor.m; sourceTree = "<group>"; };
		82764DDE196F29C8004D26E7 /* BrowseModuleInterface.h */ = {isa = PBXFileReference; lastKnownFileType = sourcecode.c.h; path = BrowseModuleInterface.h; sourceTree = "<group>"; };
		82764DE3196F2AD0004D26E7 /* BrowsePresenter.h */ = {isa = PBXFileReference; fileEncoding = 4; lastKnownFileType = sourcecode.c.h; path = BrowsePresenter.h; sourceTree = "<group>"; };
		82764DE4196F2AD0004D26E7 /* BrowsePresenter.m */ = {isa = PBXFileReference; fileEncoding = 4; lastKnownFileType = sourcecode.c.objc; path = BrowsePresenter.m; sourceTree = "<group>"; };
		82764DE6196F2C38004D26E7 /* BrowseBeersDisplayDataCollector.h */ = {isa = PBXFileReference; fileEncoding = 4; lastKnownFileType = sourcecode.c.h; path = BrowseBeersDisplayDataCollector.h; sourceTree = "<group>"; };
		82764DE7196F2C38004D26E7 /* BrowseBeersDisplayDataCollector.m */ = {isa = PBXFileReference; fileEncoding = 4; lastKnownFileType = sourcecode.c.objc; path = BrowseBeersDisplayDataCollector.m; sourceTree = "<group>"; };
		82764DE9196F2EA7004D26E7 /* BrowseBeersDisplayData.h */ = {isa = PBXFileReference; fileEncoding = 4; lastKnownFileType = sourcecode.c.h; path = BrowseBeersDisplayData.h; sourceTree = "<group>"; };
		82764DEA196F2EA7004D26E7 /* BrowseBeersDisplayData.m */ = {isa = PBXFileReference; fileEncoding = 4; lastKnownFileType = sourcecode.c.objc; path = BrowseBeersDisplayData.m; sourceTree = "<group>"; };
		82764DEC196F2F59004D26E7 /* BrowseBeersDisplaySection.h */ = {isa = PBXFileReference; fileEncoding = 4; lastKnownFileType = sourcecode.c.h; path = BrowseBeersDisplaySection.h; sourceTree = "<group>"; };
		82764DED196F2F59004D26E7 /* BrowseBeersDisplaySection.m */ = {isa = PBXFileReference; fileEncoding = 4; lastKnownFileType = sourcecode.c.objc; path = BrowseBeersDisplaySection.m; sourceTree = "<group>"; };
		82764DEF196F2FDA004D26E7 /* BrowseBeersDisplayItem.h */ = {isa = PBXFileReference; fileEncoding = 4; lastKnownFileType = sourcecode.c.h; path = BrowseBeersDisplayItem.h; sourceTree = "<group>"; };
		82764DF0196F2FDA004D26E7 /* BrowseBeersDisplayItem.m */ = {isa = PBXFileReference; fileEncoding = 4; lastKnownFileType = sourcecode.c.objc; path = BrowseBeersDisplayItem.m; sourceTree = "<group>"; };
		82764DF2196F324F004D26E7 /* BrowseViewController.h */ = {isa = PBXFileReference; fileEncoding = 4; lastKnownFileType = sourcecode.c.h; path = BrowseViewController.h; sourceTree = "<group>"; };
		82764DF3196F324F004D26E7 /* BrowseViewController.m */ = {isa = PBXFileReference; fileEncoding = 4; lastKnownFileType = sourcecode.c.objc; path = BrowseViewController.m; sourceTree = "<group>"; };
		82764DF5196F3260004D26E7 /* BrowseViewInterface.h */ = {isa = PBXFileReference; lastKnownFileType = sourcecode.c.h; path = BrowseViewInterface.h; sourceTree = "<group>"; };
		82764DF6196F37E2004D26E7 /* BrowseBeer.h */ = {isa = PBXFileReference; fileEncoding = 4; lastKnownFileType = sourcecode.c.h; path = BrowseBeer.h; sourceTree = "<group>"; };
		82764DF7196F37E2004D26E7 /* BrowseBeer.m */ = {isa = PBXFileReference; fileEncoding = 4; lastKnownFileType = sourcecode.c.objc; path = BrowseBeer.m; sourceTree = "<group>"; };
		82863C791976CF54005E80B3 /* PageTypes.h */ = {isa = PBXFileReference; fileEncoding = 4; lastKnownFileType = sourcecode.c.h; path = PageTypes.h; sourceTree = "<group>"; };
		82863C7A1976CF54005E80B3 /* PageTypes.m */ = {isa = PBXFileReference; fileEncoding = 4; lastKnownFileType = sourcecode.c.objc; path = PageTypes.m; sourceTree = "<group>"; };
		82863C7C1976D064005E80B3 /* PageType.h */ = {isa = PBXFileReference; fileEncoding = 4; lastKnownFileType = sourcecode.c.h; path = PageType.h; sourceTree = "<group>"; };
		82863C7D1976D064005E80B3 /* PageType.m */ = {isa = PBXFileReference; fileEncoding = 4; lastKnownFileType = sourcecode.c.objc; path = PageType.m; sourceTree = "<group>"; };
		82863C8B1976E51D005E80B3 /* ManagedBeer.h */ = {isa = PBXFileReference; fileEncoding = 4; lastKnownFileType = sourcecode.c.h; path = ManagedBeer.h; sourceTree = "<group>"; };
		82863C8C1976E51D005E80B3 /* ManagedBeer.m */ = {isa = PBXFileReference; fileEncoding = 4; lastKnownFileType = sourcecode.c.objc; path = ManagedBeer.m; sourceTree = "<group>"; };
		82BCCB42196B4E4400C6DE22 /* README.md */ = {isa = PBXFileReference; fileEncoding = 4; lastKnownFileType = net.daringfireball.markdown; path = README.md; sourceTree = "<group>"; };
		82BCCB44196B511C00C6DE22 /* .travis.yml */ = {isa = PBXFileReference; fileEncoding = 4; lastKnownFileType = text; path = .travis.yml; sourceTree = "<group>"; };
		82C1A56019742D4500A964B4 /* BeerChooserAPINetwork.h */ = {isa = PBXFileReference; fileEncoding = 4; lastKnownFileType = sourcecode.c.h; path = BeerChooserAPINetwork.h; sourceTree = "<group>"; };
		82C1A56119742D4500A964B4 /* BeerChooserAPINetwork.m */ = {isa = PBXFileReference; fileEncoding = 4; lastKnownFileType = sourcecode.c.objc; path = BeerChooserAPINetwork.m; sourceTree = "<group>"; };
		82C1A5631974597700A964B4 /* BeerChooserAPIDataManager.h */ = {isa = PBXFileReference; fileEncoding = 4; lastKnownFileType = sourcecode.c.h; path = BeerChooserAPIDataManager.h; sourceTree = "<group>"; };
		82C1A5641974597700A964B4 /* BeerChooserAPIDataManager.m */ = {isa = PBXFileReference; fileEncoding = 4; lastKnownFileType = sourcecode.c.objc; path = BeerChooserAPIDataManager.m; sourceTree = "<group>"; };
		82C1A569197461B600A964B4 /* BeerChooserAPINetworkDelegateInterface.h */ = {isa = PBXFileReference; fileEncoding = 4; lastKnownFileType = sourcecode.c.h; path = BeerChooserAPINetworkDelegateInterface.h; sourceTree = "<group>"; };
		82C1A56C19747AB000A964B4 /* RatingView.h */ = {isa = PBXFileReference; fileEncoding = 4; lastKnownFileType = sourcecode.c.h; path = RatingView.h; sourceTree = "<group>"; };
		82C1A56D19747AB000A964B4 /* RatingView.m */ = {isa = PBXFileReference; fileEncoding = 4; lastKnownFileType = sourcecode.c.objc; path = RatingView.m; sourceTree = "<group>"; };
		82C1A57619747D9200A964B4 /* BeerRatingView.h */ = {isa = PBXFileReference; fileEncoding = 4; lastKnownFileType = sourcecode.c.h; path = BeerRatingView.h; sourceTree = "<group>"; };
		82C1A57719747D9200A964B4 /* BeerRatingView.m */ = {isa = PBXFileReference; fileEncoding = 4; lastKnownFileType = sourcecode.c.objc; path = BeerRatingView.m; sourceTree = "<group>"; };
		82C1A5801974864B00A964B4 /* BeerTableViewCell.h */ = {isa = PBXFileReference; fileEncoding = 4; lastKnownFileType = sourcecode.c.h; path = BeerTableViewCell.h; sourceTree = "<group>"; };
		82C1A5811974864B00A964B4 /* BeerTableViewCell.m */ = {isa = PBXFileReference; fileEncoding = 4; lastKnownFileType = sourcecode.c.objc; path = BeerTableViewCell.m; sourceTree = "<group>"; };
		82C1A5821974864B00A964B4 /* BeerTableViewCell.xib */ = {isa = PBXFileReference; fileEncoding = 4; lastKnownFileType = file.xib; path = BeerTableViewCell.xib; sourceTree = "<group>"; };
		82C1A58E19748CA300A964B4 /* beer-1qselected.png */ = {isa = PBXFileReference; lastKnownFileType = image.png; path = "beer-1qselected.png"; sourceTree = "<group>"; };
		82C1A58F19748CA300A964B4 /* beer-1qselected@2x.png */ = {isa = PBXFileReference; lastKnownFileType = image.png; path = "beer-1qselected@2x.png"; sourceTree = "<group>"; };
		82C1A59019748CA300A964B4 /* beer-3qselected.png */ = {isa = PBXFileReference; lastKnownFileType = image.png; path = "beer-3qselected.png"; sourceTree = "<group>"; };
		82C1A59119748CA300A964B4 /* beer-3qselected@2x.png */ = {isa = PBXFileReference; lastKnownFileType = image.png; path = "beer-3qselected@2x.png"; sourceTree = "<group>"; };
		82C1A59219748CA300A964B4 /* beer-halfselected.png */ = {isa = PBXFileReference; lastKnownFileType = image.png; path = "beer-halfselected.png"; sourceTree = "<group>"; };
		82C1A59319748CA300A964B4 /* beer-halfselected@2x.png */ = {isa = PBXFileReference; lastKnownFileType = image.png; path = "beer-halfselected@2x.png"; sourceTree = "<group>"; };
		82C1A59419748CA300A964B4 /* beer-highlighted.png */ = {isa = PBXFileReference; lastKnownFileType = image.png; path = "beer-highlighted.png"; sourceTree = "<group>"; };
		82C1A59519748CA300A964B4 /* beer-highlighted@2x.png */ = {isa = PBXFileReference; lastKnownFileType = image.png; path = "beer-highlighted@2x.png"; sourceTree = "<group>"; };
		82C1A59619748CA300A964B4 /* beer-hot@2x.png */ = {isa = PBXFileReference; lastKnownFileType = image.png; path = "beer-hot@2x.png"; sourceTree = "<group>"; };
		82C1A59719748CA300A964B4 /* beer-nonselected.png */ = {isa = PBXFileReference; lastKnownFileType = image.png; path = "beer-nonselected.png"; sourceTree = "<group>"; };
		82C1A59819748CA300A964B4 /* beer-nonselected@2x.png */ = {isa = PBXFileReference; lastKnownFileType = image.png; path = "beer-nonselected@2x.png"; sourceTree = "<group>"; };
		82C1A59919748CA300A964B4 /* beer-selected.png */ = {isa = PBXFileReference; lastKnownFileType = image.png; path = "beer-selected.png"; sourceTree = "<group>"; };
		82C1A59A19748CA300A964B4 /* beer-selected@2x.png */ = {isa = PBXFileReference; lastKnownFileType = image.png; path = "beer-selected@2x.png"; sourceTree = "<group>"; };
		82C1A59B19748CA300A964B4 /* beer-userselected@2x.png */ = {isa = PBXFileReference; lastKnownFileType = image.png; path = "beer-userselected@2x.png"; sourceTree = "<group>"; };
		82C1A5AA19748CB700A964B4 /* small-beer-1qselected.png */ = {isa = PBXFileReference; lastKnownFileType = image.png; path = "small-beer-1qselected.png"; sourceTree = "<group>"; };
		82C1A5AB19748CB700A964B4 /* small-beer-1qselected@2x.png */ = {isa = PBXFileReference; lastKnownFileType = image.png; path = "small-beer-1qselected@2x.png"; sourceTree = "<group>"; };
		82C1A5AC19748CB700A964B4 /* small-beer-3qselected.png */ = {isa = PBXFileReference; lastKnownFileType = image.png; path = "small-beer-3qselected.png"; sourceTree = "<group>"; };
		82C1A5AD19748CB700A964B4 /* small-beer-3qselected@2x.png */ = {isa = PBXFileReference; lastKnownFileType = image.png; path = "small-beer-3qselected@2x.png"; sourceTree = "<group>"; };
		82C1A5AE19748CB700A964B4 /* small-beer-halfselected.png */ = {isa = PBXFileReference; lastKnownFileType = image.png; path = "small-beer-halfselected.png"; sourceTree = "<group>"; };
		82C1A5AF19748CB700A964B4 /* small-beer-halfselected@2x.png */ = {isa = PBXFileReference; lastKnownFileType = image.png; path = "small-beer-halfselected@2x.png"; sourceTree = "<group>"; };
		82C1A5B019748CB700A964B4 /* small-beer-highlighted.png */ = {isa = PBXFileReference; lastKnownFileType = image.png; path = "small-beer-highlighted.png"; sourceTree = "<group>"; };
		82C1A5B119748CB700A964B4 /* small-beer-highlighted@2x.png */ = {isa = PBXFileReference; lastKnownFileType = image.png; path = "small-beer-highlighted@2x.png"; sourceTree = "<group>"; };
		82C1A5B219748CB700A964B4 /* small-beer-hot.png */ = {isa = PBXFileReference; lastKnownFileType = image.png; path = "small-beer-hot.png"; sourceTree = "<group>"; };
		82C1A5BC19748CC900A964B4 /* beer-hot.png */ = {isa = PBXFileReference; lastKnownFileType = image.png; path = "beer-hot.png"; sourceTree = "<group>"; };
		82C1A5BD19748CC900A964B4 /* beer-userselected.png */ = {isa = PBXFileReference; lastKnownFileType = image.png; path = "beer-userselected.png"; sourceTree = "<group>"; };
		82C1A5C019748CD900A964B4 /* small-beer-hot@2x.png */ = {isa = PBXFileReference; lastKnownFileType = image.png; path = "small-beer-hot@2x.png"; sourceTree = "<group>"; };
		82C1A5C119748CD900A964B4 /* small-beer-nonselected.png */ = {isa = PBXFileReference; lastKnownFileType = image.png; path = "small-beer-nonselected.png"; sourceTree = "<group>"; };
		82C1A5C219748CD900A964B4 /* small-beer-nonselected@2x.png */ = {isa = PBXFileReference; lastKnownFileType = image.png; path = "small-beer-nonselected@2x.png"; sourceTree = "<group>"; };
		82C1A5C319748CD900A964B4 /* small-beer-selected.png */ = {isa = PBXFileReference; lastKnownFileType = image.png; path = "small-beer-selected.png"; sourceTree = "<group>"; };
		82C1A5C419748CD900A964B4 /* small-beer-selected@2x.png */ = {isa = PBXFileReference; lastKnownFileType = image.png; path = "small-beer-selected@2x.png"; sourceTree = "<group>"; };
		82C1A5C519748CD900A964B4 /* small-beer-userselected.png */ = {isa = PBXFileReference; lastKnownFileType = image.png; path = "small-beer-userselected.png"; sourceTree = "<group>"; };
		82C1A5C619748CD900A964B4 /* small-beer-userselected@2x.png */ = {isa = PBXFileReference; lastKnownFileType = image.png; path = "small-beer-userselected@2x.png"; sourceTree = "<group>"; };
		82C1A5CE19748CEB00A964B4 /* blankimg.gif */ = {isa = PBXFileReference; lastKnownFileType = image.gif; path = blankimg.gif; sourceTree = "<group>"; };
		82E9CC841975ADFB00D90598 /* BrowseConfig.h */ = {isa = PBXFileReference; fileEncoding = 4; lastKnownFileType = sourcecode.c.h; path = BrowseConfig.h; sourceTree = "<group>"; };
		82E9CC851975ADFB00D90598 /* BrowseConfig.m */ = {isa = PBXFileReference; fileEncoding = 4; lastKnownFileType = sourcecode.c.objc; path = BrowseConfig.m; sourceTree = "<group>"; };
		82E9CC8C1976008D00D90598 /* PageTypes.plist */ = {isa = PBXFileReference; fileEncoding = 4; lastKnownFileType = text.plist.xml; path = PageTypes.plist; sourceTree = "<group>"; };
		8D52D4B4AC1E4782883707A0 /* Pods-BeerChooserTests.xcconfig */ = {isa = PBXFileReference; includeInIndex = 1; lastKnownFileType = text.xcconfig; name = "Pods-BeerChooserTests.xcconfig"; path = "Pods/Pods-BeerChooserTests.xcconfig"; sourceTree = "<group>"; };
		BE2F3A685C5542E8BCB7D8AE /* Pods-BeerChooser.xcconfig */ = {isa = PBXFileReference; includeInIndex = 1; lastKnownFileType = text.xcconfig; name = "Pods-BeerChooser.xcconfig"; path = "Pods/Pods-BeerChooser.xcconfig"; sourceTree = "<group>"; };
		D6DB41D4B04F48CFAAFF9669 /* libPods-BeerChooserTests.a */ = {isa = PBXFileReference; explicitFileType = archive.ar; includeInIndex = 0; path = "libPods-BeerChooserTests.a"; sourceTree = BUILT_PRODUCTS_DIR; };
/* End PBXFileReference section */

/* Begin PBXFrameworksBuildPhase section */
		82072956196B46E6001C8A03 /* Frameworks */ = {
			isa = PBXFrameworksBuildPhase;
			buildActionMask = 2147483647;
			files = (
				8207295F196B46E6001C8A03 /* CoreGraphics.framework in Frameworks */,
				82072961196B46E6001C8A03 /* UIKit.framework in Frameworks */,
				8207295D196B46E6001C8A03 /* Foundation.framework in Frameworks */,
				EE356ECBBC83494F85439084 /* libPods-BeerChooser.a in Frameworks */,
			);
			runOnlyForDeploymentPostprocessing = 0;
		};
		8207297D196B46E6001C8A03 /* Frameworks */ = {
			isa = PBXFrameworksBuildPhase;
			buildActionMask = 2147483647;
			files = (
				82072982196B46E6001C8A03 /* XCTest.framework in Frameworks */,
				82072984196B46E6001C8A03 /* UIKit.framework in Frameworks */,
				82072983196B46E6001C8A03 /* Foundation.framework in Frameworks */,
				1F5140EF604249E58D0439B8 /* libPods-BeerChooserTests.a in Frameworks */,
			);
			runOnlyForDeploymentPostprocessing = 0;
		};
/* End PBXFrameworksBuildPhase section */

/* Begin PBXGroup section */
		82072950196B46E6001C8A03 = {
			isa = PBXGroup;
			children = (
				82BCCB42196B4E4400C6DE22 /* README.md */,
				82BCCB44196B511C00C6DE22 /* .travis.yml */,
				82072962196B46E6001C8A03 /* BeerChooser */,
				82072987196B46E6001C8A03 /* BeerChooserTests */,
				8207295B196B46E6001C8A03 /* Frameworks */,
				8207295A196B46E6001C8A03 /* Products */,
				BE2F3A685C5542E8BCB7D8AE /* Pods-BeerChooser.xcconfig */,
				8D52D4B4AC1E4782883707A0 /* Pods-BeerChooserTests.xcconfig */,
			);
			sourceTree = "<group>";
		};
		8207295A196B46E6001C8A03 /* Products */ = {
			isa = PBXGroup;
			children = (
				82072959196B46E6001C8A03 /* BeerChooser.app */,
				82072980196B46E6001C8A03 /* BeerChooserTests.xctest */,
			);
			name = Products;
			sourceTree = "<group>";
		};
		8207295B196B46E6001C8A03 /* Frameworks */ = {
			isa = PBXGroup;
			children = (
				8207295C196B46E6001C8A03 /* Foundation.framework */,
				8207295E196B46E6001C8A03 /* CoreGraphics.framework */,
				82072960196B46E6001C8A03 /* UIKit.framework */,
				82072981196B46E6001C8A03 /* XCTest.framework */,
				4C5C890E4BA0425B9DD5EB3E /* libPods-BeerChooser.a */,
				D6DB41D4B04F48CFAAFF9669 /* libPods-BeerChooserTests.a */,
			);
			name = Frameworks;
			sourceTree = "<group>";
		};
		82072962196B46E6001C8A03 /* BeerChooser */ = {
			isa = PBXGroup;
			children = (
				82764D9D196EF5C1004D26E7 /* Classes */,
				82BCCB41196B4CD800C6DE22 /* Resources */,
				82072963196B46E6001C8A03 /* Supporting Files */,
			);
			path = BeerChooser;
			sourceTree = "<group>";
		};
		82072963196B46E6001C8A03 /* Supporting Files */ = {
			isa = PBXGroup;
			children = (
				82072964196B46E6001C8A03 /* BeerChooser-Info.plist */,
				82072965196B46E6001C8A03 /* InfoPlist.strings */,
				82072968196B46E6001C8A03 /* main.m */,
				8207296A196B46E6001C8A03 /* BeerChooser-Prefix.pch */,
			);
			name = "Supporting Files";
			sourceTree = "<group>";
		};
		82072987196B46E6001C8A03 /* BeerChooserTests */ = {
			isa = PBXGroup;
			children = (
				8207298D196B46E6001C8A03 /* BeerChooserTests.m */,
				82072988196B46E6001C8A03 /* Supporting Files */,
			);
			path = BeerChooserTests;
			sourceTree = "<group>";
		};
		82072988196B46E6001C8A03 /* Supporting Files */ = {
			isa = PBXGroup;
			children = (
				82072989196B46E6001C8A03 /* BeerChooserTests-Info.plist */,
				8207298A196B46E6001C8A03 /* InfoPlist.strings */,
			);
			name = "Supporting Files";
			sourceTree = "<group>";
		};
		82764D9D196EF5C1004D26E7 /* Classes */ = {
			isa = PBXGroup;
			children = (
				82764DB2196F19EA004D26E7 /* Common */,
				82764DC9196F233B004D26E7 /* Modules */,
				82BCCB3F196B4CCD00C6DE22 /* App Delegate */,
				82BCCB40196B4CD200C6DE22 /* View Controllers */,
			);
			name = Classes;
			sourceTree = "<group>";
		};
		82764D9E196EF5D0004D26E7 /* Configuration */ = {
			isa = PBXGroup;
			children = (
				82764DAE196F1954004D26E7 /* Configuration.example.plist */,
				82764DAF196F1954004D26E7 /* Configuration.plist */,
				82764DA0196EF603004D26E7 /* Configuration.h */,
				82764DA1196EF603004D26E7 /* Configuration.m */,
			);
			name = Configuration;
			sourceTree = "<group>";
		};
		82764DB2196F19EA004D26E7 /* Common */ = {
			isa = PBXGroup;
			children = (
				82E9CC871975B05100D90598 /* Pages */,
				82764DCB196F23C4004D26E7 /* Categories */,
				82764D9E196EF5D0004D26E7 /* Configuration */,
				82764DBE196F1F60004D26E7 /* Data Model */,
				82764DB3196F19F8004D26E7 /* Data Store */,
				82764DC2196F2141004D26E7 /* View */,
			);
			name = Common;
			sourceTree = "<group>";
		};
		82764DB3196F19F8004D26E7 /* Data Store */ = {
			isa = PBXGroup;
			children = (
				82764DBA196F1CF4004D26E7 /* Entities */,
				82764DB4196F1A29004D26E7 /* BeerChooser.xcdatamodeld */,
				82764DBB196F1D11004D26E7 /* CoreDataStore.h */,
				82764DBC196F1D11004D26E7 /* CoreDataStore.m */,
			);
			name = "Data Store";
			sourceTree = "<group>";
		};
		82764DBA196F1CF4004D26E7 /* Entities */ = {
			isa = PBXGroup;
			children = (
				82863C8B1976E51D005E80B3 /* ManagedBeer.h */,
				82863C8C1976E51D005E80B3 /* ManagedBeer.m */,
			);
			name = Entities;
			sourceTree = "<group>";
		};
		82764DBE196F1F60004D26E7 /* Data Model */ = {
			isa = PBXGroup;
			children = (
				82764DBF196F1F6F004D26E7 /* Beer.h */,
				82764DC0196F1F6F004D26E7 /* Beer.m */,
			);
			name = "Data Model";
			sourceTree = "<group>";
		};
		82764DC2196F2141004D26E7 /* View */ = {
			isa = PBXGroup;
			children = (
				82764DC3196F2158004D26E7 /* RootWireframe.h */,
				82764DC4196F2158004D26E7 /* RootWireframe.m */,
			);
			name = View;
			sourceTree = "<group>";
		};
		82764DC9196F233B004D26E7 /* Modules */ = {
			isa = PBXGroup;
			children = (
				82764DCA196F2345004D26E7 /* Browse List */,
			);
			name = Modules;
			sourceTree = "<group>";
		};
		82764DCA196F2345004D26E7 /* Browse List */ = {
			isa = PBXGroup;
			children = (
				82C1A55C19742A2400A964B4 /* API */,
				82E9CC831975ADD100D90598 /* Configuration */,
				82764DCF196F241F004D26E7 /* Application Logic */,
				82764DDC196F2990004D26E7 /* Module Interface */,
				82764DDF196F29F3004D26E7 /* User Interface */,
			);
			name = "Browse List";
			sourceTree = "<group>";
		};
		82764DCB196F23C4004D26E7 /* Categories */ = {
			isa = PBXGroup;
			children = (
				82C1A585197489FC00A964B4 /* Logs */,
				82C1A56F19747C9600A964B4 /* RatingView */,
				82764DCC196F23EA004D26E7 /* NSArray+POBJ.h */,
				82764DCD196F23EA004D26E7 /* NSArray+POBJ.m */,
			);
			name = Categories;
			sourceTree = "<group>";
		};
		82764DCF196F241F004D26E7 /* Application Logic */ = {
			isa = PBXGroup;
			children = (
				82764DD0196F2429004D26E7 /* Interactor */,
				82764DD1196F242E004D26E7 /* Manager */,
			);
			name = "Application Logic";
			sourceTree = "<group>";
		};
		82764DD0196F2429004D26E7 /* Interactor */ = {
			isa = PBXGroup;
			children = (
				82764DD8196F2755004D26E7 /* BrowseInteractorIO.h */,
				82764DD9196F2785004D26E7 /* BrowseInteractor.h */,
				82764DDA196F2785004D26E7 /* BrowseInteractor.m */,
				82764DF6196F37E2004D26E7 /* BrowseBeer.h */,
				82764DF7196F37E2004D26E7 /* BrowseBeer.m */,
			);
			name = Interactor;
			sourceTree = "<group>";
		};
		82764DD1196F242E004D26E7 /* Manager */ = {
			isa = PBXGroup;
			children = (
				82764DD2196F24C3004D26E7 /* BrowseDataManager.h */,
				82764DD3196F24C3004D26E7 /* BrowseDataManager.m */,
			);
			name = Manager;
			sourceTree = "<group>";
		};
		82764DDC196F2990004D26E7 /* Module Interface */ = {
			isa = PBXGroup;
			children = (
				82764DDE196F29C8004D26E7 /* BrowseModuleInterface.h */,
			);
			name = "Module Interface";
			sourceTree = "<group>";
		};
		82764DDF196F29F3004D26E7 /* User Interface */ = {
			isa = PBXGroup;
			children = (
				82764DE0196F2A06004D26E7 /* Presenter */,
				82764DE1196F2A0D004D26E7 /* View */,
				82764DE2196F2A13004D26E7 /* Wireframe */,
			);
			name = "User Interface";
			sourceTree = "<group>";
		};
		82764DE0196F2A06004D26E7 /* Presenter */ = {
			isa = PBXGroup;
			children = (
				82764DE3196F2AD0004D26E7 /* BrowsePresenter.h */,
				82764DE4196F2AD0004D26E7 /* BrowsePresenter.m */,
				82764DE6196F2C38004D26E7 /* BrowseBeersDisplayDataCollector.h */,
				82764DE7196F2C38004D26E7 /* BrowseBeersDisplayDataCollector.m */,
				82764DE9196F2EA7004D26E7 /* BrowseBeersDisplayData.h */,
				82764DEA196F2EA7004D26E7 /* BrowseBeersDisplayData.m */,
				82764DEC196F2F59004D26E7 /* BrowseBeersDisplaySection.h */,
				82764DED196F2F59004D26E7 /* BrowseBeersDisplaySection.m */,
				82764DEF196F2FDA004D26E7 /* BrowseBeersDisplayItem.h */,
				82764DF0196F2FDA004D26E7 /* BrowseBeersDisplayItem.m */,
			);
			name = Presenter;
			sourceTree = "<group>";
		};
		82764DE1196F2A0D004D26E7 /* View */ = {
			isa = PBXGroup;
			children = (
				82764DF2196F324F004D26E7 /* BrowseViewController.h */,
				82764DF3196F324F004D26E7 /* BrowseViewController.m */,
				82764DF5196F3260004D26E7 /* BrowseViewInterface.h */,
			);
			name = View;
			sourceTree = "<group>";
		};
		82764DE2196F2A13004D26E7 /* Wireframe */ = {
			isa = PBXGroup;
			children = (
				8228371E196F55B000BF03C6 /* BrowseWireframe.h */,
				8228371F196F55B000BF03C6 /* BrowseWireframe.m */,
			);
			name = Wireframe;
			sourceTree = "<group>";
		};
		82BCCB3F196B4CCD00C6DE22 /* App Delegate */ = {
			isa = PBXGroup;
			children = (
				8207296B196B46E6001C8A03 /* AppDelegate.h */,
				8207296C196B46E6001C8A03 /* AppDelegate.m */,
				82764DC6196F2203004D26E7 /* AppDependencies.h */,
				82764DC7196F2203004D26E7 /* AppDependencies.m */,
			);
			name = "App Delegate";
			sourceTree = "<group>";
		};
		82BCCB40196B4CD200C6DE22 /* View Controllers */ = {
			isa = PBXGroup;
			children = (
				82072974196B46E6001C8A03 /* FirstViewController.h */,
				82072975196B46E6001C8A03 /* FirstViewController.m */,
				82072977196B46E6001C8A03 /* SecondViewController.h */,
				82072978196B46E6001C8A03 /* SecondViewController.m */,
			);
			name = "View Controllers";
			sourceTree = "<group>";
		};
		82BCCB41196B4CD800C6DE22 /* Resources */ = {
			isa = PBXGroup;
			children = (
				82C1A58B19748C5C00A964B4 /* RatingImages */,
				8207296E196B46E6001C8A03 /* Main_iPhone.storyboard */,
				82072971196B46E6001C8A03 /* Main_iPad.storyboard */,
				8207297A196B46E6001C8A03 /* Images.xcassets */,
			);
			name = Resources;
			sourceTree = "<group>";
		};
		82C1A55C19742A2400A964B4 /* API */ = {
			isa = PBXGroup;
			children = (
				82C1A568197461A400A964B4 /* Interface */,
				82C1A5671974599000A964B4 /* Manager */,
				82C1A5661974598900A964B4 /* Network */,
			);
			name = API;
			sourceTree = "<group>";
		};
		82C1A5661974598900A964B4 /* Network */ = {
			isa = PBXGroup;
			children = (
				82C1A56019742D4500A964B4 /* BeerChooserAPINetwork.h */,
				82C1A56119742D4500A964B4 /* BeerChooserAPINetwork.m */,
			);
			name = Network;
			sourceTree = "<group>";
		};
		82C1A5671974599000A964B4 /* Manager */ = {
			isa = PBXGroup;
			children = (
				82C1A5631974597700A964B4 /* BeerChooserAPIDataManager.h */,
				82C1A5641974597700A964B4 /* BeerChooserAPIDataManager.m */,
			);
			name = Manager;
			sourceTree = "<group>";
		};
		82C1A568197461A400A964B4 /* Interface */ = {
			isa = PBXGroup;
			children = (
				82C1A569197461B600A964B4 /* BeerChooserAPINetworkDelegateInterface.h */,
			);
			name = Interface;
			sourceTree = "<group>";
		};
		82C1A56F19747C9600A964B4 /* RatingView */ = {
			isa = PBXGroup;
			children = (
				82C1A56C19747AB000A964B4 /* RatingView.h */,
				82C1A56D19747AB000A964B4 /* RatingView.m */,
				82C1A57619747D9200A964B4 /* BeerRatingView.h */,
				82C1A57719747D9200A964B4 /* BeerRatingView.m */,
				82C1A5801974864B00A964B4 /* BeerTableViewCell.h */,
				82C1A5811974864B00A964B4 /* BeerTableViewCell.m */,
				82C1A5821974864B00A964B4 /* BeerTableViewCell.xib */,
			);
			name = RatingView;
			sourceTree = "<group>";
		};
		82C1A585197489FC00A964B4 /* Logs */ = {
			isa = PBXGroup;
			children = (
			);
			name = Logs;
			sourceTree = "<group>";
		};
		82C1A58B19748C5C00A964B4 /* RatingImages */ = {
			isa = PBXGroup;
			children = (
				82C1A5CE19748CEB00A964B4 /* blankimg.gif */,
				82C1A58D19748C7800A964B4 /* Small */,
				82C1A58C19748C7300A964B4 /* Large */,
			);
			name = RatingImages;
			sourceTree = "<group>";
		};
		82C1A58C19748C7300A964B4 /* Large */ = {
			isa = PBXGroup;
			children = (
				82C1A5BC19748CC900A964B4 /* beer-hot.png */,
				82C1A5BD19748CC900A964B4 /* beer-userselected.png */,
				82C1A58E19748CA300A964B4 /* beer-1qselected.png */,
				82C1A58F19748CA300A964B4 /* beer-1qselected@2x.png */,
				82C1A59019748CA300A964B4 /* beer-3qselected.png */,
				82C1A59119748CA300A964B4 /* beer-3qselected@2x.png */,
				82C1A59219748CA300A964B4 /* beer-halfselected.png */,
				82C1A59319748CA300A964B4 /* beer-halfselected@2x.png */,
				82C1A59419748CA300A964B4 /* beer-highlighted.png */,
				82C1A59519748CA300A964B4 /* beer-highlighted@2x.png */,
				82C1A59619748CA300A964B4 /* beer-hot@2x.png */,
				82C1A59719748CA300A964B4 /* beer-nonselected.png */,
				82C1A59819748CA300A964B4 /* beer-nonselected@2x.png */,
				82C1A59919748CA300A964B4 /* beer-selected.png */,
				82C1A59A19748CA300A964B4 /* beer-selected@2x.png */,
				82C1A59B19748CA300A964B4 /* beer-userselected@2x.png */,
			);
			name = Large;
			sourceTree = "<group>";
		};
		82C1A58D19748C7800A964B4 /* Small */ = {
			isa = PBXGroup;
			children = (
				82C1A5AA19748CB700A964B4 /* small-beer-1qselected.png */,
				82C1A5AB19748CB700A964B4 /* small-beer-1qselected@2x.png */,
				82C1A5AC19748CB700A964B4 /* small-beer-3qselected.png */,
				82C1A5AD19748CB700A964B4 /* small-beer-3qselected@2x.png */,
				82C1A5AE19748CB700A964B4 /* small-beer-halfselected.png */,
				82C1A5AF19748CB700A964B4 /* small-beer-halfselected@2x.png */,
				82C1A5B019748CB700A964B4 /* small-beer-highlighted.png */,
				82C1A5B119748CB700A964B4 /* small-beer-highlighted@2x.png */,
				82C1A5B219748CB700A964B4 /* small-beer-hot.png */,
				82C1A5C019748CD900A964B4 /* small-beer-hot@2x.png */,
				82C1A5C119748CD900A964B4 /* small-beer-nonselected.png */,
				82C1A5C219748CD900A964B4 /* small-beer-nonselected@2x.png */,
				82C1A5C319748CD900A964B4 /* small-beer-selected.png */,
				82C1A5C419748CD900A964B4 /* small-beer-selected@2x.png */,
				82C1A5C519748CD900A964B4 /* small-beer-userselected.png */,
				82C1A5C619748CD900A964B4 /* small-beer-userselected@2x.png */,
			);
			name = Small;
			sourceTree = "<group>";
		};
		82E9CC831975ADD100D90598 /* Configuration */ = {
			isa = PBXGroup;
			children = (
				82E9CC841975ADFB00D90598 /* BrowseConfig.h */,
				82E9CC851975ADFB00D90598 /* BrowseConfig.m */,
			);
			name = Configuration;
			sourceTree = "<group>";
		};
		82E9CC871975B05100D90598 /* Pages */ = {
			isa = PBXGroup;
			children = (
				82E9CC8C1976008D00D90598 /* PageTypes.plist */,
				82863C791976CF54005E80B3 /* PageTypes.h */,
				82863C7A1976CF54005E80B3 /* PageTypes.m */,
				82863C7C1976D064005E80B3 /* PageType.h */,
				82863C7D1976D064005E80B3 /* PageType.m */,
			);
			name = Pages;
			sourceTree = "<group>";
		};
/* End PBXGroup section */

/* Begin PBXNativeTarget section */
		82072958196B46E6001C8A03 /* BeerChooser */ = {
			isa = PBXNativeTarget;
			buildConfigurationList = 82072991196B46E6001C8A03 /* Build configuration list for PBXNativeTarget "BeerChooser" */;
			buildPhases = (
				7B70381C1642440186AF0432 /* Check Pods Manifest.lock */,
				82072955196B46E6001C8A03 /* Sources */,
				82072956196B46E6001C8A03 /* Frameworks */,
				82072957196B46E6001C8A03 /* Resources */,
				E360FEB7633046C9AC9FDF9B /* Copy Pods Resources */,
			);
			buildRules = (
			);
			dependencies = (
			);
			name = BeerChooser;
			productName = BeerChooser;
			productReference = 82072959196B46E6001C8A03 /* BeerChooser.app */;
			productType = "com.apple.product-type.application";
		};
		8207297F196B46E6001C8A03 /* BeerChooserTests */ = {
			isa = PBXNativeTarget;
			buildConfigurationList = 82072994196B46E6001C8A03 /* Build configuration list for PBXNativeTarget "BeerChooserTests" */;
			buildPhases = (
				F0069F14BA0C4E54A74CC771 /* Check Pods Manifest.lock */,
				8207297C196B46E6001C8A03 /* Sources */,
				8207297D196B46E6001C8A03 /* Frameworks */,
				8207297E196B46E6001C8A03 /* Resources */,
				310BFA5AD3A748768B481158 /* Copy Pods Resources */,
			);
			buildRules = (
			);
			dependencies = (
				82072986196B46E6001C8A03 /* PBXTargetDependency */,
			);
			name = BeerChooserTests;
			productName = BeerChooserTests;
			productReference = 82072980196B46E6001C8A03 /* BeerChooserTests.xctest */;
			productType = "com.apple.product-type.bundle.unit-test";
		};
/* End PBXNativeTarget section */

/* Begin PBXProject section */
		82072951196B46E6001C8A03 /* Project object */ = {
			isa = PBXProject;
			attributes = {
				LastUpgradeCheck = 0510;
				ORGANIZATIONNAME = "Laura Skelton";
				TargetAttributes = {
					8207297F196B46E6001C8A03 = {
						TestTargetID = 82072958196B46E6001C8A03;
					};
				};
			};
			buildConfigurationList = 82072954196B46E6001C8A03 /* Build configuration list for PBXProject "BeerChooser" */;
			compatibilityVersion = "Xcode 3.2";
			developmentRegion = English;
			hasScannedForEncodings = 0;
			knownRegions = (
				en,
				Base,
			);
			mainGroup = 82072950196B46E6001C8A03;
			productRefGroup = 8207295A196B46E6001C8A03 /* Products */;
			projectDirPath = "";
			projectRoot = "";
			targets = (
				82072958196B46E6001C8A03 /* BeerChooser */,
				8207297F196B46E6001C8A03 /* BeerChooserTests */,
			);
		};
/* End PBXProject section */

/* Begin PBXResourcesBuildPhase section */
		82072957196B46E6001C8A03 /* Resources */ = {
			isa = PBXResourcesBuildPhase;
			buildActionMask = 2147483647;
			files = (
				82C1A5B819748CB700A964B4 /* small-beer-halfselected@2x.png in Resources */,
				82C1A5A919748CA300A964B4 /* beer-userselected@2x.png in Resources */,
				82C1A5B619748CB700A964B4 /* small-beer-3qselected@2x.png in Resources */,
				82C1A5BF19748CC900A964B4 /* beer-userselected.png in Resources */,
				82C1A5A519748CA300A964B4 /* beer-nonselected.png in Resources */,
				82C1A5A319748CA300A964B4 /* beer-highlighted@2x.png in Resources */,
				82C1A5C719748CD900A964B4 /* small-beer-hot@2x.png in Resources */,
				82C1A59C19748CA300A964B4 /* beer-1qselected.png in Resources */,
				82C1A59D19748CA300A964B4 /* beer-1qselected@2x.png in Resources */,
				82C1A5CB19748CD900A964B4 /* small-beer-selected@2x.png in Resources */,
				82BCCB45196B511C00C6DE22 /* .travis.yml in Resources */,
				82C1A5A019748CA300A964B4 /* beer-halfselected.png in Resources */,
				82C1A5CD19748CD900A964B4 /* small-beer-userselected@2x.png in Resources */,
				82072973196B46E6001C8A03 /* Main_iPad.storyboard in Resources */,
				82C1A5B519748CB700A964B4 /* small-beer-3qselected.png in Resources */,
				82C1A5CA19748CD900A964B4 /* small-beer-selected.png in Resources */,
				82C1A59E19748CA300A964B4 /* beer-3qselected.png in Resources */,
				82764DB1196F1954004D26E7 /* Configuration.plist in Resources */,
				82C1A5C919748CD900A964B4 /* small-beer-nonselected@2x.png in Resources */,
				8207297B196B46E6001C8A03 /* Images.xcassets in Resources */,
				82C1A5B719748CB700A964B4 /* small-beer-halfselected.png in Resources */,
				82C1A5A119748CA300A964B4 /* beer-halfselected@2x.png in Resources */,
				82C1A5C819748CD900A964B4 /* small-beer-nonselected.png in Resources */,
				82C1A5B919748CB700A964B4 /* small-beer-highlighted.png in Resources */,
				82764DB0196F1954004D26E7 /* Configuration.example.plist in Resources */,
				82C1A5A719748CA300A964B4 /* beer-selected.png in Resources */,
				82C1A5A219748CA300A964B4 /* beer-highlighted.png in Resources */,
				82C1A5BB19748CB700A964B4 /* small-beer-hot.png in Resources */,
				82C1A5BE19748CC900A964B4 /* beer-hot.png in Resources */,
				82C1A5CC19748CD900A964B4 /* small-beer-userselected.png in Resources */,
				82C1A5A819748CA300A964B4 /* beer-selected@2x.png in Resources */,
				82C1A5A619748CA300A964B4 /* beer-nonselected@2x.png in Resources */,
				82072970196B46E6001C8A03 /* Main_iPhone.storyboard in Resources */,
				82C1A5841974864B00A964B4 /* BeerTableViewCell.xib in Resources */,
				82C1A5BA19748CB700A964B4 /* small-beer-highlighted@2x.png in Resources */,
				82C1A5B319748CB700A964B4 /* small-beer-1qselected.png in Resources */,
				82072967196B46E6001C8A03 /* InfoPlist.strings in Resources */,
				82E9CC8D1976008D00D90598 /* PageTypes.plist in Resources */,
				82C1A5CF19748CEB00A964B4 /* blankimg.gif in Resources */,
				82C1A5B419748CB700A964B4 /* small-beer-1qselected@2x.png in Resources */,
				82C1A5A419748CA300A964B4 /* beer-hot@2x.png in Resources */,
				82C1A59F19748CA300A964B4 /* beer-3qselected@2x.png in Resources */,
			);
			runOnlyForDeploymentPostprocessing = 0;
		};
		8207297E196B46E6001C8A03 /* Resources */ = {
			isa = PBXResourcesBuildPhase;
			buildActionMask = 2147483647;
			files = (
				82BCCB46196B511C00C6DE22 /* .travis.yml in Resources */,
				8207298C196B46E6001C8A03 /* InfoPlist.strings in Resources */,
			);
			runOnlyForDeploymentPostprocessing = 0;
		};
/* End PBXResourcesBuildPhase section */

/* Begin PBXShellScriptBuildPhase section */
		310BFA5AD3A748768B481158 /* Copy Pods Resources */ = {
			isa = PBXShellScriptBuildPhase;
			buildActionMask = 2147483647;
			files = (
			);
			inputPaths = (
			);
			name = "Copy Pods Resources";
			outputPaths = (
			);
			runOnlyForDeploymentPostprocessing = 0;
			shellPath = /bin/sh;
			shellScript = "\"${SRCROOT}/Pods/Pods-BeerChooserTests-resources.sh\"\n";
			showEnvVarsInLog = 0;
		};
		7B70381C1642440186AF0432 /* Check Pods Manifest.lock */ = {
			isa = PBXShellScriptBuildPhase;
			buildActionMask = 2147483647;
			files = (
			);
			inputPaths = (
			);
			name = "Check Pods Manifest.lock";
			outputPaths = (
			);
			runOnlyForDeploymentPostprocessing = 0;
			shellPath = /bin/sh;
			shellScript = "diff \"${PODS_ROOT}/../Podfile.lock\" \"${PODS_ROOT}/Manifest.lock\" > /dev/null\nif [[ $? != 0 ]] ; then\n    cat << EOM\nerror: The sandbox is not in sync with the Podfile.lock. Run 'pod install' or update your CocoaPods installation.\nEOM\n    exit 1\nfi\n";
			showEnvVarsInLog = 0;
		};
		E360FEB7633046C9AC9FDF9B /* Copy Pods Resources */ = {
			isa = PBXShellScriptBuildPhase;
			buildActionMask = 2147483647;
			files = (
			);
			inputPaths = (
			);
			name = "Copy Pods Resources";
			outputPaths = (
			);
			runOnlyForDeploymentPostprocessing = 0;
			shellPath = /bin/sh;
			shellScript = "\"${SRCROOT}/Pods/Pods-BeerChooser-resources.sh\"\n";
			showEnvVarsInLog = 0;
		};
		F0069F14BA0C4E54A74CC771 /* Check Pods Manifest.lock */ = {
			isa = PBXShellScriptBuildPhase;
			buildActionMask = 2147483647;
			files = (
			);
			inputPaths = (
			);
			name = "Check Pods Manifest.lock";
			outputPaths = (
			);
			runOnlyForDeploymentPostprocessing = 0;
			shellPath = /bin/sh;
			shellScript = "diff \"${PODS_ROOT}/../Podfile.lock\" \"${PODS_ROOT}/Manifest.lock\" > /dev/null\nif [[ $? != 0 ]] ; then\n    cat << EOM\nerror: The sandbox is not in sync with the Podfile.lock. Run 'pod install' or update your CocoaPods installation.\nEOM\n    exit 1\nfi\n";
			showEnvVarsInLog = 0;
		};
/* End PBXShellScriptBuildPhase section */

/* Begin PBXSourcesBuildPhase section */
		82072955196B46E6001C8A03 /* Sources */ = {
			isa = PBXSourcesBuildPhase;
			buildActionMask = 2147483647;
			files = (
				82764DC8196F2203004D26E7 /* AppDependencies.m in Sources */,
				82764DDB196F2785004D26E7 /* BrowseInteractor.m in Sources */,
				82764DEB196F2EA7004D26E7 /* BrowseBeersDisplayData.m in Sources */,
				82764DF8196F37E2004D26E7 /* BrowseBeer.m in Sources */,
				82072979196B46E6001C8A03 /* SecondViewController.m in Sources */,
				8207296D196B46E6001C8A03 /* AppDelegate.m in Sources */,
				82283720196F55B000BF03C6 /* BrowseWireframe.m in Sources */,
				82BCCB43196B4E4400C6DE22 /* README.md in Sources */,
				82764DEE196F2F59004D26E7 /* BrowseBeersDisplaySection.m in Sources */,
				82C1A57819747D9200A964B4 /* BeerRatingView.m in Sources */,
				82764DB6196F1A29004D26E7 /* BeerChooser.xcdatamodeld in Sources */,
				82C1A5831974864B00A964B4 /* BeerTableViewCell.m in Sources */,
				82764DE8196F2C38004D26E7 /* BrowseBeersDisplayDataCollector.m in Sources */,
				82C1A56E19747AB000A964B4 /* RatingView.m in Sources */,
				82764DE5196F2AD0004D26E7 /* BrowsePresenter.m in Sources */,
				82764DF4196F324F004D26E7 /* BrowseViewController.m in Sources */,
				82764DCE196F23EA004D26E7 /* NSArray+POBJ.m in Sources */,
				82C1A5651974597700A964B4 /* BeerChooserAPIDataManager.m in Sources */,
				82E9CC861975ADFB00D90598 /* BrowseConfig.m in Sources */,
				82764DF1196F2FDA004D26E7 /* BrowseBeersDisplayItem.m in Sources */,
				82072976196B46E6001C8A03 /* FirstViewController.m in Sources */,
				82C1A56219742D4500A964B4 /* BeerChooserAPINetwork.m in Sources */,
				82863C8D1976E51D005E80B3 /* ManagedBeer.m in Sources */,
				82764DC1196F1F6F004D26E7 /* Beer.m in Sources */,
				82764DA4196EF603004D26E7 /* Configuration.m in Sources */,
				82764DD4196F24C3004D26E7 /* BrowseDataManager.m in Sources */,
				82863C7B1976CF54005E80B3 /* PageTypes.m in Sources */,
				82863C7E1976D064005E80B3 /* PageType.m in Sources */,
				82072969196B46E6001C8A03 /* main.m in Sources */,
				82764DC5196F2158004D26E7 /* RootWireframe.m in Sources */,
				82764DBD196F1D11004D26E7 /* CoreDataStore.m in Sources */,
			);
			runOnlyForDeploymentPostprocessing = 0;
		};
		8207297C196B46E6001C8A03 /* Sources */ = {
			isa = PBXSourcesBuildPhase;
			buildActionMask = 2147483647;
			files = (
				8207298E196B46E6001C8A03 /* BeerChooserTests.m in Sources */,
			);
			runOnlyForDeploymentPostprocessing = 0;
		};
/* End PBXSourcesBuildPhase section */

/* Begin PBXTargetDependency section */
		82072986196B46E6001C8A03 /* PBXTargetDependency */ = {
			isa = PBXTargetDependency;
			target = 82072958196B46E6001C8A03 /* BeerChooser */;
			targetProxy = 82072985196B46E6001C8A03 /* PBXContainerItemProxy */;
		};
/* End PBXTargetDependency section */

/* Begin PBXVariantGroup section */
		82072965196B46E6001C8A03 /* InfoPlist.strings */ = {
			isa = PBXVariantGroup;
			children = (
				82072966196B46E6001C8A03 /* en */,
			);
			name = InfoPlist.strings;
			sourceTree = "<group>";
		};
		8207296E196B46E6001C8A03 /* Main_iPhone.storyboard */ = {
			isa = PBXVariantGroup;
			children = (
				8207296F196B46E6001C8A03 /* Base */,
			);
			name = Main_iPhone.storyboard;
			sourceTree = "<group>";
		};
		82072971196B46E6001C8A03 /* Main_iPad.storyboard */ = {
			isa = PBXVariantGroup;
			children = (
				82072972196B46E6001C8A03 /* Base */,
			);
			name = Main_iPad.storyboard;
			sourceTree = "<group>";
		};
		8207298A196B46E6001C8A03 /* InfoPlist.strings */ = {
			isa = PBXVariantGroup;
			children = (
				8207298B196B46E6001C8A03 /* en */,
			);
			name = InfoPlist.strings;
			sourceTree = "<group>";
		};
/* End PBXVariantGroup section */

/* Begin XCBuildConfiguration section */
		8207298F196B46E6001C8A03 /* Debug */ = {
			isa = XCBuildConfiguration;
			buildSettings = {
				ALWAYS_SEARCH_USER_PATHS = NO;
				CLANG_CXX_LANGUAGE_STANDARD = "gnu++0x";
				CLANG_CXX_LIBRARY = "libc++";
				CLANG_ENABLE_MODULES = YES;
				CLANG_ENABLE_OBJC_ARC = YES;
				CLANG_WARN_BOOL_CONVERSION = YES;
				CLANG_WARN_CONSTANT_CONVERSION = YES;
				CLANG_WARN_DIRECT_OBJC_ISA_USAGE = YES_ERROR;
				CLANG_WARN_EMPTY_BODY = YES;
				CLANG_WARN_ENUM_CONVERSION = YES;
				CLANG_WARN_INT_CONVERSION = YES;
				CLANG_WARN_OBJC_ROOT_CLASS = YES_ERROR;
				CLANG_WARN__DUPLICATE_METHOD_MATCH = YES;
				"CODE_SIGN_IDENTITY[sdk=iphoneos*]" = "iPhone Developer";
				COPY_PHASE_STRIP = NO;
				GCC_C_LANGUAGE_STANDARD = gnu99;
				GCC_DYNAMIC_NO_PIC = NO;
				GCC_OPTIMIZATION_LEVEL = 0;
				GCC_PREPROCESSOR_DEFINITIONS = (
					"DEBUG=1",
					"$(inherited)",
				);
				GCC_SYMBOLS_PRIVATE_EXTERN = NO;
				GCC_WARN_64_TO_32_BIT_CONVERSION = YES;
				GCC_WARN_ABOUT_RETURN_TYPE = YES_ERROR;
				GCC_WARN_UNDECLARED_SELECTOR = YES;
				GCC_WARN_UNINITIALIZED_AUTOS = YES_AGGRESSIVE;
				GCC_WARN_UNUSED_FUNCTION = YES;
				GCC_WARN_UNUSED_VARIABLE = YES;
				IPHONEOS_DEPLOYMENT_TARGET = 7.1;
				ONLY_ACTIVE_ARCH = YES;
				SDKROOT = iphoneos;
				TARGETED_DEVICE_FAMILY = "1,2";
			};
			name = Debug;
		};
		82072990196B46E6001C8A03 /* Release */ = {
			isa = XCBuildConfiguration;
			buildSettings = {
				ALWAYS_SEARCH_USER_PATHS = NO;
				CLANG_CXX_LANGUAGE_STANDARD = "gnu++0x";
				CLANG_CXX_LIBRARY = "libc++";
				CLANG_ENABLE_MODULES = YES;
				CLANG_ENABLE_OBJC_ARC = YES;
				CLANG_WARN_BOOL_CONVERSION = YES;
				CLANG_WARN_CONSTANT_CONVERSION = YES;
				CLANG_WARN_DIRECT_OBJC_ISA_USAGE = YES_ERROR;
				CLANG_WARN_EMPTY_BODY = YES;
				CLANG_WARN_ENUM_CONVERSION = YES;
				CLANG_WARN_INT_CONVERSION = YES;
				CLANG_WARN_OBJC_ROOT_CLASS = YES_ERROR;
				CLANG_WARN__DUPLICATE_METHOD_MATCH = YES;
				"CODE_SIGN_IDENTITY[sdk=iphoneos*]" = "iPhone Developer";
				COPY_PHASE_STRIP = YES;
				ENABLE_NS_ASSERTIONS = NO;
				GCC_C_LANGUAGE_STANDARD = gnu99;
				GCC_WARN_64_TO_32_BIT_CONVERSION = YES;
				GCC_WARN_ABOUT_RETURN_TYPE = YES_ERROR;
				GCC_WARN_UNDECLARED_SELECTOR = YES;
				GCC_WARN_UNINITIALIZED_AUTOS = YES_AGGRESSIVE;
				GCC_WARN_UNUSED_FUNCTION = YES;
				GCC_WARN_UNUSED_VARIABLE = YES;
				IPHONEOS_DEPLOYMENT_TARGET = 7.1;
				SDKROOT = iphoneos;
				TARGETED_DEVICE_FAMILY = "1,2";
				VALIDATE_PRODUCT = YES;
			};
			name = Release;
		};
		82072992196B46E6001C8A03 /* Debug */ = {
			isa = XCBuildConfiguration;
			baseConfigurationReference = BE2F3A685C5542E8BCB7D8AE /* Pods-BeerChooser.xcconfig */;
			buildSettings = {
				ASSETCATALOG_COMPILER_APPICON_NAME = AppIcon;
				ASSETCATALOG_COMPILER_LAUNCHIMAGE_NAME = LaunchImage;
				EXCLUDED_SOURCE_FILE_NAMES = "*README.md";
				GCC_PRECOMPILE_PREFIX_HEADER = YES;
				GCC_PREFIX_HEADER = "BeerChooser/BeerChooser-Prefix.pch";
				INFOPLIST_FILE = "BeerChooser/BeerChooser-Info.plist";
				PRODUCT_NAME = "$(TARGET_NAME)";
				WRAPPER_EXTENSION = app;
			};
			name = Debug;
		};
		82072993196B46E6001C8A03 /* Release */ = {
			isa = XCBuildConfiguration;
			baseConfigurationReference = BE2F3A685C5542E8BCB7D8AE /* Pods-BeerChooser.xcconfig */;
			buildSettings = {
				ASSETCATALOG_COMPILER_APPICON_NAME = AppIcon;
				ASSETCATALOG_COMPILER_LAUNCHIMAGE_NAME = LaunchImage;
				EXCLUDED_SOURCE_FILE_NAMES = "*README.md";
				GCC_PRECOMPILE_PREFIX_HEADER = YES;
				GCC_PREFIX_HEADER = "BeerChooser/BeerChooser-Prefix.pch";
				INFOPLIST_FILE = "BeerChooser/BeerChooser-Info.plist";
				PRODUCT_NAME = "$(TARGET_NAME)";
				WRAPPER_EXTENSION = app;
			};
			name = Release;
		};
		82072995196B46E6001C8A03 /* Debug */ = {
			isa = XCBuildConfiguration;
			baseConfigurationReference = 8D52D4B4AC1E4782883707A0 /* Pods-BeerChooserTests.xcconfig */;
			buildSettings = {
				BUNDLE_LOADER = "$(BUILT_PRODUCTS_DIR)/BeerChooser.app/BeerChooser";
				FRAMEWORK_SEARCH_PATHS = (
					"$(SDKROOT)/Developer/Library/Frameworks",
					"$(inherited)",
					"$(DEVELOPER_FRAMEWORKS_DIR)",
				);
				GCC_PRECOMPILE_PREFIX_HEADER = YES;
				GCC_PREFIX_HEADER = "BeerChooser/BeerChooser-Prefix.pch";
				GCC_PREPROCESSOR_DEFINITIONS = (
					"DEBUG=1",
					"$(inherited)",
				);
				INFOPLIST_FILE = "BeerChooserTests/BeerChooserTests-Info.plist";
				PRODUCT_NAME = "$(TARGET_NAME)";
				TEST_HOST = "$(BUNDLE_LOADER)";
				WRAPPER_EXTENSION = xctest;
			};
			name = Debug;
		};
		82072996196B46E6001C8A03 /* Release */ = {
			isa = XCBuildConfiguration;
			baseConfigurationReference = 8D52D4B4AC1E4782883707A0 /* Pods-BeerChooserTests.xcconfig */;
			buildSettings = {
				BUNDLE_LOADER = "$(BUILT_PRODUCTS_DIR)/BeerChooser.app/BeerChooser";
				FRAMEWORK_SEARCH_PATHS = (
					"$(SDKROOT)/Developer/Library/Frameworks",
					"$(inherited)",
					"$(DEVELOPER_FRAMEWORKS_DIR)",
				);
				GCC_PRECOMPILE_PREFIX_HEADER = YES;
				GCC_PREFIX_HEADER = "BeerChooser/BeerChooser-Prefix.pch";
				INFOPLIST_FILE = "BeerChooserTests/BeerChooserTests-Info.plist";
				PRODUCT_NAME = "$(TARGET_NAME)";
				TEST_HOST = "$(BUNDLE_LOADER)";
				WRAPPER_EXTENSION = xctest;
			};
			name = Release;
		};
/* End XCBuildConfiguration section */

/* Begin XCConfigurationList section */
		82072954196B46E6001C8A03 /* Build configuration list for PBXProject "BeerChooser" */ = {
			isa = XCConfigurationList;
			buildConfigurations = (
				8207298F196B46E6001C8A03 /* Debug */,
				82072990196B46E6001C8A03 /* Release */,
			);
			defaultConfigurationIsVisible = 0;
			defaultConfigurationName = Release;
		};
		82072991196B46E6001C8A03 /* Build configuration list for PBXNativeTarget "BeerChooser" */ = {
			isa = XCConfigurationList;
			buildConfigurations = (
				82072992196B46E6001C8A03 /* Debug */,
				82072993196B46E6001C8A03 /* Release */,
			);
			defaultConfigurationIsVisible = 0;
			defaultConfigurationName = Release;
		};
		82072994196B46E6001C8A03 /* Build configuration list for PBXNativeTarget "BeerChooserTests" */ = {
			isa = XCConfigurationList;
			buildConfigurations = (
				82072995196B46E6001C8A03 /* Debug */,
				82072996196B46E6001C8A03 /* Release */,
			);
			defaultConfigurationIsVisible = 0;
			defaultConfigurationName = Release;
		};
/* End XCConfigurationList section */

/* Begin XCVersionGroup section */
		82764DB4196F1A29004D26E7 /* BeerChooser.xcdatamodeld */ = {
			isa = XCVersionGroup;
			children = (
				82764DB5196F1A29004D26E7 /* BeerChooser.xcdatamodel */,
			);
			currentVersion = 82764DB5196F1A29004D26E7 /* BeerChooser.xcdatamodel */;
			path = BeerChooser.xcdatamodeld;
			sourceTree = "<group>";
			versionGroupType = wrapper.xcdatamodel;
		};
/* End XCVersionGroup section */
	};
	rootObject = 82072951196B46E6001C8A03 /* Project object */;
}
